
Microsoft Visual Studio Solution File, Format Version 12.00
# Visual Studio Version 17
VisualStudioVersion = 17.14.36301.6
MinimumVisualStudioVersion = 10.0.40219.1
Project("{FAE04EC0-301F-11D3-BF4B-00C04F79EFBC}") = "Polymorphism", "Polymorphism\Polymorphism.csproj", "{F8EC0F53-7DD7-4851-8841-B4B02BAB353D}"
EndProject
Project("{FAE04EC0-301F-11D3-BF4B-00C04F79EFBC}") = "Encapsulation", "Encapsulation\Encapsulation.csproj", "{C10AD46A-6E3A-4526-81EE-E6923B395AC4}"
EndProject
Project("{FAE04EC0-301F-11D3-BF4B-00C04F79EFBC}") = "Inheritance", "Inheritance\Inheritance.csproj", "{A0E5457E-AECE-4B08-B1E2-1CFBF02F7AF5}"
EndProject
Project("{FAE04EC0-301F-11D3-BF4B-00C04F79EFBC}") = "Abstraction", "Abstraction\Abstraction.csproj", "{9E35C2A4-A1D3-42D2-A2BB-28AFBDF924DF}"
EndProject
Project("{FAE04EC0-301F-11D3-BF4B-00C04F79EFBC}") = "Interface", "Interface\Interface.csproj", "{5AEBD627-C4B8-4696-8AA4-9B708441AC77}"
EndProject
Global
	GlobalSection(SolutionConfigurationPlatforms) = preSolution
		Debug|Any CPU = Debug|Any CPU
		Release|Any CPU = Release|Any CPU
	EndGlobalSection
	GlobalSection(ProjectConfigurationPlatforms) = postSolution
		{F8EC0F53-7DD7-4851-8841-B4B02BAB353D}.Debug|Any CPU.ActiveCfg = Debug|Any CPU
		{F8EC0F53-7DD7-4851-8841-B4B02BAB353D}.Debug|Any CPU.Build.0 = Debug|Any CPU
		{F8EC0F53-7DD7-4851-8841-B4B02BAB353D}.Release|Any CPU.ActiveCfg = Release|Any CPU
		{F8EC0F53-7DD7-4851-8841-B4B02BAB353D}.Release|Any CPU.Build.0 = Release|Any CPU
		{C10AD46A-6E3A-4526-81EE-E6923B395AC4}.Debug|Any CPU.ActiveCfg = Debug|Any CPU
		{C10AD46A-6E3A-4526-81EE-E6923B395AC4}.Debug|Any CPU.Build.0 = Debug|Any CPU
		{C10AD46A-6E3A-4526-81EE-E6923B395AC4}.Release|Any CPU.ActiveCfg = Release|Any CPU
		{C10AD46A-6E3A-4526-81EE-E6923B395AC4}.Release|Any CPU.Build.0 = Release|Any CPU
		{A0E5457E-AECE-4B08-B1E2-1CFBF02F7AF5}.Debug|Any CPU.ActiveCfg = Debug|Any CPU
		{A0E5457E-AECE-4B08-B1E2-1CFBF02F7AF5}.Debug|Any CPU.Build.0 = Debug|Any CPU
		{A0E5457E-AECE-4B08-B1E2-1CFBF02F7AF5}.Release|Any CPU.ActiveCfg = Release|Any CPU
		{A0E5457E-AECE-4B08-B1E2-1CFBF02F7AF5}.Release|Any CPU.Build.0 = Release|Any CPU
		{9E35C2A4-A1D3-42D2-A2BB-28AFBDF924DF}.Debug|Any CPU.ActiveCfg = Debug|Any CPU
		{9E35C2A4-A1D3-42D2-A2BB-28AFBDF924DF}.Debug|Any CPU.Build.0 = Debug|Any CPU
		{9E35C2A4-A1D3-42D2-A2BB-28AFBDF924DF}.Release|Any CPU.ActiveCfg = Release|Any CPU
		{9E35C2A4-A1D3-42D2-A2BB-28AFBDF924DF}.Release|Any CPU.Build.0 = Release|Any CPU
		{5AEBD627-C4B8-4696-8AA4-9B708441AC77}.Debug|Any CPU.ActiveCfg = Debug|Any CPU
		{5AEBD627-C4B8-4696-8AA4-9B708441AC77}.Debug|Any CPU.Build.0 = Debug|Any CPU
		{5AEBD627-C4B8-4696-8AA4-9B708441AC77}.Release|Any CPU.ActiveCfg = Release|Any CPU
		{5AEBD627-C4B8-4696-8AA4-9B708441AC77}.Release|Any CPU.Build.0 = Release|Any CPU
	EndGlobalSection
	GlobalSection(SolutionProperties) = preSolution
		HideSolutionNode = FALSE
	EndGlobalSection
	GlobalSection(ExtensibilityGlobals) = postSolution
		SolutionGuid = {59C1D124-FD0A-40A5-B9FB-9AD118F33AF1}
	EndGlobalSection
EndGlobal
